
Microsoft Visual Studio Solution File, Format Version 9.00
# Visual Studio 2005
Project("{8BC9CEB8-8B4A-11D0-8D11-00A0C91BC942}") = "preVentrilo", "preVentrilo\preVentrilo.vcproj", "{D0DEEB37-1258-4D51-92BC-A3D34E1C86A3}"
	ProjectSection(ProjectDependencies) = postProject
		{FD708BC7-C81C-4BB7-B8C9-0BD84CCF91D1} = {FD708BC7-C81C-4BB7-B8C9-0BD84CCF91D1}
	EndProjectSection
EndProject
Project("{8BC9CEB8-8B4A-11D0-8D11-00A0C91BC942}") = "prevent", "prevent\prevent.vcproj", "{FD708BC7-C81C-4BB7-B8C9-0BD84CCF91D1}"
EndProject
Global
	GlobalSection(SolutionConfigurationPlatforms) = preSolution
		Debug|Win32 = Debug|Win32
		Debug|x64 = Debug|x64
		Release|Win32 = Release|Win32
		Release|x64 = Release|x64
	EndGlobalSection
	GlobalSection(ProjectConfigurationPlatforms) = postSolution
		{D0DEEB37-1258-4D51-92BC-A3D34E1C86A3}.Debug|Win32.ActiveCfg = Debug|Win32
		{D0DEEB37-1258-4D51-92BC-A3D34E1C86A3}.Debug|Win32.Build.0 = Debug|Win32
		{D0DEEB37-1258-4D51-92BC-A3D34E1C86A3}.Debug|x64.ActiveCfg = Debug|x64
		{D0DEEB37-1258-4D51-92BC-A3D34E1C86A3}.Debug|x64.Build.0 = Debug|x64
		{D0DEEB37-1258-4D51-92BC-A3D34E1C86A3}.Release|Win32.ActiveCfg = Release|Win32
		{D0DEEB37-1258-4D51-92BC-A3D34E1C86A3}.Release|Win32.Build.0 = Release|Win32
		{D0DEEB37-1258-4D51-92BC-A3D34E1C86A3}.Release|x64.ActiveCfg = Release|x64
		{D0DEEB37-1258-4D51-92BC-A3D34E1C86A3}.Release|x64.Build.0 = Release|x64
		{FD708BC7-C81C-4BB7-B8C9-0BD84CCF91D1}.Debug|Win32.ActiveCfg = Debug|Win32
		{FD708BC7-C81C-4BB7-B8C9-0BD84CCF91D1}.Debug|Win32.Build.0 = Debug|Win32
		{FD708BC7-C81C-4BB7-B8C9-0BD84CCF91D1}.Debug|x64.ActiveCfg = Debug|x64
		{FD708BC7-C81C-4BB7-B8C9-0BD84CCF91D1}.Debug|x64.Build.0 = Debug|x64
		{FD708BC7-C81C-4BB7-B8C9-0BD84CCF91D1}.Release|Win32.ActiveCfg = Release|Win32
		{FD708BC7-C81C-4BB7-B8C9-0BD84CCF91D1}.Release|Win32.Build.0 = Release|Win32
		{FD708BC7-C81C-4BB7-B8C9-0BD84CCF91D1}.Release|x64.ActiveCfg = Release|x64
		{FD708BC7-C81C-4BB7-B8C9-0BD84CCF91D1}.Release|x64.Build.0 = Release|x64
	EndGlobalSection
	GlobalSection(SolutionProperties) = preSolution
		HideSolutionNode = FALSE
	EndGlobalSection
EndGlobal
